// !$*UTF8*$!
{
	archiveVersion = 1;
	classes = {
	};
	objectVersion = 46;
	objects = {

/* Begin PBXBuildFile section */
		942511A01F47748300BCCEA0 /* AppDelegate.swift in Sources */ = {isa = PBXBuildFile; fileRef = 9425119F1F47748300BCCEA0 /* AppDelegate.swift */; };
		942511A21F47748300BCCEA0 /* MasterViewController.swift in Sources */ = {isa = PBXBuildFile; fileRef = 942511A11F47748300BCCEA0 /* MasterViewController.swift */; };
		942511A41F47748300BCCEA0 /* DetailViewController.swift in Sources */ = {isa = PBXBuildFile; fileRef = 942511A31F47748300BCCEA0 /* DetailViewController.swift */; };
		942511A71F47748400BCCEA0 /* Main.storyboard in Resources */ = {isa = PBXBuildFile; fileRef = 942511A51F47748400BCCEA0 /* Main.storyboard */; };
		942511A91F47748400BCCEA0 /* Assets.xcassets in Resources */ = {isa = PBXBuildFile; fileRef = 942511A81F47748400BCCEA0 /* Assets.xcassets */; };
		942511AC1F47748400BCCEA0 /* LaunchScreen.storyboard in Resources */ = {isa = PBXBuildFile; fileRef = 942511AA1F47748400BCCEA0 /* LaunchScreen.storyboard */; };
		942511B71F47748600BCCEA0 /* CHATTERTests.swift in Sources */ = {isa = PBXBuildFile; fileRef = 942511B61F47748600BCCEA0 /* CHATTERTests.swift */; };
		942511C21F47748600BCCEA0 /* CHATTERUITests.swift in Sources */ = {isa = PBXBuildFile; fileRef = 942511C11F47748600BCCEA0 /* CHATTERUITests.swift */; };
/* End PBXBuildFile section */

/* Begin PBXContainerItemProxy section */
		942511B31F47748600BCCEA0 /* PBXContainerItemProxy */ = {
			isa = PBXContainerItemProxy;
			containerPortal = 942511941F47748300BCCEA0 /* Project object */;
			proxyType = 1;
			remoteGlobalIDString = 9425119B1F47748300BCCEA0;
			remoteInfo = CHATTER;
		};
		942511BE1F47748600BCCEA0 /* PBXContainerItemProxy */ = {
			isa = PBXContainerItemProxy;
			containerPortal = 942511941F47748300BCCEA0 /* Project object */;
			proxyType = 1;
			remoteGlobalIDString = 9425119B1F47748300BCCEA0;
			remoteInfo = CHATTER;
		};
/* End PBXContainerItemProxy section */

/* Begin PBXFileReference section */
		9425119C1F47748300BCCEA0 /* CHATTER.app */ = {isa = PBXFileReference; explicitFileType = wrapper.application; includeInIndex = 0; path = CHATTER.app; sourceTree = BUILT_PRODUCTS_DIR; };
		9425119F1F47748300BCCEA0 /* AppDelegate.swift */ = {isa = PBXFileReference; lastKnownFileType = sourcecode.swift; path = AppDelegate.swift; sourceTree = "<group>"; };
		942511A11F47748300BCCEA0 /* MasterViewController.swift */ = {isa = PBXFileReference; lastKnownFileType = sourcecode.swift; path = MasterViewController.swift; sourceTree = "<group>"; };
		942511A31F47748300BCCEA0 /* DetailViewController.swift */ = {isa = PBXFileReference; lastKnownFileType = sourcecode.swift; path = DetailViewController.swift; sourceTree = "<group>"; };
		942511A61F47748400BCCEA0 /* Base */ = {isa = PBXFileReference; lastKnownFileType = file.storyboard; name = Base; path = Base.lproj/Main.storyboard; sourceTree = "<group>"; };
		942511A81F47748400BCCEA0 /* Assets.xcassets */ = {isa = PBXFileReference; lastKnownFileType = folder.assetcatalog; path = Assets.xcassets; sourceTree = "<group>"; };
		942511AB1F47748400BCCEA0 /* Base */ = {isa = PBXFileReference; lastKnownFileType = file.storyboard; name = Base; path = Base.lproj/LaunchScreen.storyboard; sourceTree = "<group>"; };
		942511AD1F47748400BCCEA0 /* Info.plist */ = {isa = PBXFileReference; lastKnownFileType = text.plist.xml; path = Info.plist; sourceTree = "<group>"; };
		942511B21F47748600BCCEA0 /* CHATTERTests.xctest */ = {isa = PBXFileReference; explicitFileType = wrapper.cfbundle; includeInIndex = 0; path = CHATTERTests.xctest; sourceTree = BUILT_PRODUCTS_DIR; };
		942511B61F47748600BCCEA0 /* CHATTERTests.swift */ = {isa = PBXFileReference; lastKnownFileType = sourcecode.swift; path = CHATTERTests.swift; sourceTree = "<group>"; };
		942511B81F47748600BCCEA0 /* Info.plist */ = {isa = PBXFileReference; lastKnownFileType = text.plist.xml; path = Info.plist; sourceTree = "<group>"; };
		942511BD1F47748600BCCEA0 /* CHATTERUITests.xctest */ = {isa = PBXFileReference; explicitFileType = wrapper.cfbundle; includeInIndex = 0; path = CHATTERUITests.xctest; sourceTree = BUILT_PRODUCTS_DIR; };
		942511C11F47748600BCCEA0 /* CHATTERUITests.swift */ = {isa = PBXFileReference; lastKnownFileType = sourcecode.swift; path = CHATTERUITests.swift; sourceTree = "<group>"; };
		942511C31F47748600BCCEA0 /* Info.plist */ = {isa = PBXFileReference; lastKnownFileType = text.plist.xml; path = Info.plist; sourceTree = "<group>"; };
/* End PBXFileReference section */

/* Begin PBXFrameworksBuildPhase section */
		942511991F47748300BCCEA0 /* Frameworks */ = {
			isa = PBXFrameworksBuildPhase;
			buildActionMask = 2147483647;
			files = (
			);
			runOnlyForDeploymentPostprocessing = 0;
		};
		942511AF1F47748600BCCEA0 /* Frameworks */ = {
			isa = PBXFrameworksBuildPhase;
			buildActionMask = 2147483647;
			files = (
			);
			runOnlyForDeploymentPostprocessing = 0;
		};
		942511BA1F47748600BCCEA0 /* Frameworks */ = {
			isa = PBXFrameworksBuildPhase;
			buildActionMask = 2147483647;
			files = (
			);
			runOnlyForDeploymentPostprocessing = 0;
		};
/* End PBXFrameworksBuildPhase section */

/* Begin PBXGroup section */
		942511931F47748200BCCEA0 = {
			isa = PBXGroup;
			children = (
				9425119E1F47748300BCCEA0 /* CHATTER */,
				942511B51F47748600BCCEA0 /* CHATTERTests */,
				942511C01F47748600BCCEA0 /* CHATTERUITests */,
				9425119D1F47748300BCCEA0 /* Products */,
			);
			sourceTree = "<group>";
		};
		9425119D1F47748300BCCEA0 /* Products */ = {
			isa = PBXGroup;
			children = (
				9425119C1F47748300BCCEA0 /* CHATTER.app */,
				942511B21F47748600BCCEA0 /* CHATTERTests.xctest */,
				942511BD1F47748600BCCEA0 /* CHATTERUITests.xctest */,
			);
			name = Products;
			sourceTree = "<group>";
		};
		9425119E1F47748300BCCEA0 /* CHATTER */ = {
			isa = PBXGroup;
			children = (
				9425119F1F47748300BCCEA0 /* AppDelegate.swift */,
				942511A11F47748300BCCEA0 /* MasterViewController.swift */,
				942511A31F47748300BCCEA0 /* DetailViewController.swift */,
				942511A51F47748400BCCEA0 /* Main.storyboard */,
				942511A81F47748400BCCEA0 /* Assets.xcassets */,
				942511AA1F47748400BCCEA0 /* LaunchScreen.storyboard */,
				942511AD1F47748400BCCEA0 /* Info.plist */,
			);
			path = CHATTER;
			sourceTree = "<group>";
		};
		942511B51F47748600BCCEA0 /* CHATTERTests */ = {
			isa = PBXGroup;
			children = (
				942511B61F47748600BCCEA0 /* CHATTERTests.swift */,
				942511B81F47748600BCCEA0 /* Info.plist */,
			);
			path = CHATTERTests;
			sourceTree = "<group>";
		};
		942511C01F47748600BCCEA0 /* CHATTERUITests */ = {
			isa = PBXGroup;
			children = (
				942511C11F47748600BCCEA0 /* CHATTERUITests.swift */,
				942511C31F47748600BCCEA0 /* Info.plist */,
			);
			path = CHATTERUITests;
			sourceTree = "<group>";
		};
/* End PBXGroup section */

/* Begin PBXNativeTarget section */
		9425119B1F47748300BCCEA0 /* CHATTER */ = {
			isa = PBXNativeTarget;
			buildConfigurationList = 942511C61F47748600BCCEA0 /* Build configuration list for PBXNativeTarget "CHATTER" */;
			buildPhases = (
				942511981F47748300BCCEA0 /* Sources */,
				942511991F47748300BCCEA0 /* Frameworks */,
				9425119A1F47748300BCCEA0 /* Resources */,
			);
			buildRules = (
			);
			dependencies = (
			);
			name = CHATTER;
			productName = CHATTER;
			productReference = 9425119C1F47748300BCCEA0 /* CHATTER.app */;
			productType = "com.apple.product-type.application";
		};
		942511B11F47748600BCCEA0 /* CHATTERTests */ = {
			isa = PBXNativeTarget;
			buildConfigurationList = 942511C91F47748600BCCEA0 /* Build configuration list for PBXNativeTarget "CHATTERTests" */;
			buildPhases = (
				942511AE1F47748600BCCEA0 /* Sources */,
				942511AF1F47748600BCCEA0 /* Frameworks */,
				942511B01F47748600BCCEA0 /* Resources */,
			);
			buildRules = (
			);
			dependencies = (
				942511B41F47748600BCCEA0 /* PBXTargetDependency */,
			);
			name = CHATTERTests;
			productName = CHATTERTests;
			productReference = 942511B21F47748600BCCEA0 /* CHATTERTests.xctest */;
			productType = "com.apple.product-type.bundle.unit-test";
		};
		942511BC1F47748600BCCEA0 /* CHATTERUITests */ = {
			isa = PBXNativeTarget;
			buildConfigurationList = 942511CC1F47748600BCCEA0 /* Build configuration list for PBXNativeTarget "CHATTERUITests" */;
			buildPhases = (
				942511B91F47748600BCCEA0 /* Sources */,
				942511BA1F47748600BCCEA0 /* Frameworks */,
				942511BB1F47748600BCCEA0 /* Resources */,
			);
			buildRules = (
			);
			dependencies = (
				942511BF1F47748600BCCEA0 /* PBXTargetDependency */,
			);
			name = CHATTERUITests;
			productName = CHATTERUITests;
			productReference = 942511BD1F47748600BCCEA0 /* CHATTERUITests.xctest */;
			productType = "com.apple.product-type.bundle.ui-testing";
		};
/* End PBXNativeTarget section */

/* Begin PBXProject section */
		942511941F47748300BCCEA0 /* Project object */ = {
			isa = PBXProject;
			attributes = {
				LastSwiftUpdateCheck = 0830;
				LastUpgradeCheck = 0830;
				ORGANIZATIONNAME = None;
				TargetAttributes = {
					9425119B1F47748300BCCEA0 = {
						CreatedOnToolsVersion = 8.3.1;
						ProvisioningStyle = Automatic;
					};
					942511B11F47748600BCCEA0 = {
						CreatedOnToolsVersion = 8.3.1;
						ProvisioningStyle = Automatic;
						TestTargetID = 9425119B1F47748300BCCEA0;
					};
					942511BC1F47748600BCCEA0 = {
						CreatedOnToolsVersion = 8.3.1;
						ProvisioningStyle = Automatic;
						TestTargetID = 9425119B1F47748300BCCEA0;
					};
				};
			};
			buildConfigurationList = 942511971F47748300BCCEA0 /* Build configuration list for PBXProject "CHATTER" */;
			compatibilityVersion = "Xcode 3.2";
			developmentRegion = English;
			hasScannedForEncodings = 0;
			knownRegions = (
				en,
				Base,
			);
			mainGroup = 942511931F47748200BCCEA0;
			productRefGroup = 9425119D1F47748300BCCEA0 /* Products */;
			projectDirPath = "";
			projectRoot = "";
			targets = (
				9425119B1F47748300BCCEA0 /* CHATTER */,
				942511B11F47748600BCCEA0 /* CHATTERTests */,
				942511BC1F47748600BCCEA0 /* CHATTERUITests */,
			);
		};
/* End PBXProject section */

/* Begin PBXResourcesBuildPhase section */
		9425119A1F47748300BCCEA0 /* Resources */ = {
			isa = PBXResourcesBuildPhase;
			buildActionMask = 2147483647;
			files = (
				942511AC1F47748400BCCEA0 /* LaunchScreen.storyboard in Resources */,
				942511A91F47748400BCCEA0 /* Assets.xcassets in Resources */,
				942511A71F47748400BCCEA0 /* Main.storyboard in Resources */,
			);
			runOnlyForDeploymentPostprocessing = 0;
		};
		942511B01F47748600BCCEA0 /* Resources */ = {
			isa = PBXResourcesBuildPhase;
			buildActionMask = 2147483647;
			files = (
			);
			runOnlyForDeploymentPostprocessing = 0;
		};
		942511BB1F47748600BCCEA0 /* Resources */ = {
			isa = PBXResourcesBuildPhase;
			buildActionMask = 2147483647;
			files = (
			);
			runOnlyForDeploymentPostprocessing = 0;
		};
/* End PBXResourcesBuildPhase section */

/* Begin PBXSourcesBuildPhase section */
		942511981F47748300BCCEA0 /* Sources */ = {
			isa = PBXSourcesBuildPhase;
			buildActionMask = 2147483647;
			files = (
				942511A41F47748300BCCEA0 /* DetailViewController.swift in Sources */,
				942511A21F47748300BCCEA0 /* MasterViewController.swift in Sources */,
				942511A01F47748300BCCEA0 /* AppDelegate.swift in Sources */,
			);
			runOnlyForDeploymentPostprocessing = 0;
		};
		942511AE1F47748600BCCEA0 /* Sources */ = {
			isa = PBXSourcesBuildPhase;
			buildActionMask = 2147483647;
			files = (
				942511B71F47748600BCCEA0 /* CHATTERTests.swift in Sources */,
			);
			runOnlyForDeploymentPostprocessing = 0;
		};
		942511B91F47748600BCCEA0 /* Sources */ = {
			isa = PBXSourcesBuildPhase;
			buildActionMask = 2147483647;
			files = (
				942511C21F47748600BCCEA0 /* CHATTERUITests.swift in Sources */,
			);
			runOnlyForDeploymentPostprocessing = 0;
		};
/* End PBXSourcesBuildPhase section */

/* Begin PBXTargetDependency section */
		942511B41F47748600BCCEA0 /* PBXTargetDependency */ = {
			isa = PBXTargetDependency;
			target = 9425119B1F47748300BCCEA0 /* CHATTER */;
			targetProxy = 942511B31F47748600BCCEA0 /* PBXContainerItemProxy */;
		};
		942511BF1F47748600BCCEA0 /* PBXTargetDependency */ = {
			isa = PBXTargetDependency;
			target = 9425119B1F47748300BCCEA0 /* CHATTER */;
			targetProxy = 942511BE1F47748600BCCEA0 /* PBXContainerItemProxy */;
		};
/* End PBXTargetDependency section */

/* Begin PBXVariantGroup section */
		942511A51F47748400BCCEA0 /* Main.storyboard */ = {
			isa = PBXVariantGroup;
			children = (
				942511A61F47748400BCCEA0 /* Base */,
			);
			name = Main.storyboard;
			sourceTree = "<group>";
		};
		942511AA1F47748400BCCEA0 /* LaunchScreen.storyboard */ = {
			isa = PBXVariantGroup;
			children = (
				942511AB1F47748400BCCEA0 /* Base */,
			);
			name = LaunchScreen.storyboard;
			sourceTree = "<group>";
		};
/* End PBXVariantGroup section */

/* Begin XCBuildConfiguration section */
		942511C41F47748600BCCEA0 /* Debug */ = {
			isa = XCBuildConfiguration;
			buildSettings = {
				ALWAYS_SEARCH_USER_PATHS = NO;
				CLANG_ANALYZER_NONNULL = YES;
				CLANG_ANALYZER_NUMBER_OBJECT_CONVERSION = YES_AGGRESSIVE;
				CLANG_CXX_LANGUAGE_STANDARD = "gnu++0x";
				CLANG_CXX_LIBRARY = "libc++";
				CLANG_ENABLE_MODULES = YES;
				CLANG_ENABLE_OBJC_ARC = YES;
				CLANG_WARN_BOOL_CONVERSION = YES;
				CLANG_WARN_CONSTANT_CONVERSION = YES;
				CLANG_WARN_DIRECT_OBJC_ISA_USAGE = YES_ERROR;
				CLANG_WARN_DOCUMENTATION_COMMENTS = YES;
				CLANG_WARN_EMPTY_BODY = YES;
				CLANG_WARN_ENUM_CONVERSION = YES;
				CLANG_WARN_INFINITE_RECURSION = YES;
				CLANG_WARN_INT_CONVERSION = YES;
				CLANG_WARN_OBJC_ROOT_CLASS = YES_ERROR;
				CLANG_WARN_SUSPICIOUS_MOVE = YES;
				CLANG_WARN_UNREACHABLE_CODE = YES;
				CLANG_WARN__DUPLICATE_METHOD_MATCH = YES;
				"CODE_SIGN_IDENTITY[sdk=iphoneos*]" = "iPhone Developer";
				COPY_PHASE_STRIP = NO;
				DEBUG_INFORMATION_FORMAT = dwarf;
				ENABLE_STRICT_OBJC_MSGSEND = YES;
				ENABLE_TESTABILITY = YES;
				GCC_C_LANGUAGE_STANDARD = gnu99;
				GCC_DYNAMIC_NO_PIC = NO;
				GCC_NO_COMMON_BLOCKS = YES;
				GCC_OPTIMIZATION_LEVEL = 0;
				GCC_PREPROCESSOR_DEFINITIONS = (
					"DEBUG=1",
					"$(inherited)",
				);
				GCC_WARN_64_TO_32_BIT_CONVERSION = YES;
				GCC_WARN_ABOUT_RETURN_TYPE = YES_ERROR;
				GCC_WARN_UNDECLARED_SELECTOR = YES;
				GCC_WARN_UNINITIALIZED_AUTOS = YES_AGGRESSIVE;
				GCC_WARN_UNUSED_FUNCTION = YES;
				GCC_WARN_UNUSED_VARIABLE = YES;
				IPHONEOS_DEPLOYMENT_TARGET = 10.3;
				MTL_ENABLE_DEBUG_INFO = YES;
				ONLY_ACTIVE_ARCH = YES;
				SDKROOT = iphoneos;
				SWIFT_ACTIVE_COMPILATION_CONDITIONS = DEBUG;
				SWIFT_OPTIMIZATION_LEVEL = "-Onone";
				TARGETED_DEVICE_FAMILY = "1,2";
			};
			name = Debug;
		};
		942511C51F47748600BCCEA0 /* Release */ = {
			isa = XCBuildConfiguration;
			buildSettings = {
				ALWAYS_SEARCH_USER_PATHS = NO;
				CLANG_ANALYZER_NONNULL = YES;
				CLANG_ANALYZER_NUMBER_OBJECT_CONVERSION = YES_AGGRESSIVE;
				CLANG_CXX_LANGUAGE_STANDARD = "gnu++0x";
				CLANG_CXX_LIBRARY = "libc++";
				CLANG_ENABLE_MODULES = YES;
				CLANG_ENABLE_OBJC_ARC = YES;
				CLANG_WARN_BOOL_CONVERSION = YES;
				CLANG_WARN_CONSTANT_CONVERSION = YES;
				CLANG_WARN_DIRECT_OBJC_ISA_USAGE = YES_ERROR;
				CLANG_WARN_DOCUMENTATION_COMMENTS = YES;
				CLANG_WARN_EMPTY_BODY = YES;
				CLANG_WARN_ENUM_CONVERSION = YES;
				CLANG_WARN_INFINITE_RECURSION = YES;
				CLANG_WARN_INT_CONVERSION = YES;
				CLANG_WARN_OBJC_ROOT_CLASS = YES_ERROR;
				CLANG_WARN_SUSPICIOUS_MOVE = YES;
				CLANG_WARN_UNREACHABLE_CODE = YES;
				CLANG_WARN__DUPLICATE_METHOD_MATCH = YES;
				"CODE_SIGN_IDENTITY[sdk=iphoneos*]" = "iPhone Developer";
				COPY_PHASE_STRIP = NO;
				DEBUG_INFORMATION_FORMAT = "dwarf-with-dsym";
				ENABLE_NS_ASSERTIONS = NO;
				ENABLE_STRICT_OBJC_MSGSEND = YES;
				GCC_C_LANGUAGE_STANDARD = gnu99;
				GCC_NO_COMMON_BLOCKS = YES;
				GCC_WARN_64_TO_32_BIT_CONVERSION = YES;
				GCC_WARN_ABOUT_RETURN_TYPE = YES_ERROR;
				GCC_WARN_UNDECLARED_SELECTOR = YES;
				GCC_WARN_UNINITIALIZED_AUTOS = YES_AGGRESSIVE;
				GCC_WARN_UNUSED_FUNCTION = YES;
				GCC_WARN_UNUSED_VARIABLE = YES;
				IPHONEOS_DEPLOYMENT_TARGET = 10.3;
				MTL_ENABLE_DEBUG_INFO = NO;
				SDKROOT = iphoneos;
				SWIFT_OPTIMIZATION_LEVEL = "-Owholemodule";
				TARGETED_DEVICE_FAMILY = "1,2";
				VALIDATE_PRODUCT = YES;
			};
			name = Release;
		};
		942511C71F47748600BCCEA0 /* Debug */ = {
			isa = XCBuildConfiguration;
			buildSettings = {
				ASSETCATALOG_COMPILER_APPICON_NAME = AppIcon;
				INFOPLIST_FILE = CHATTER/Info.plist;
				LD_RUNPATH_SEARCH_PATHS = "$(inherited) @executable_path/Frameworks";
				PRODUCT_BUNDLE_IDENTIFIER = com.ID.Hengji.CHATTER;
				PRODUCT_NAME = "$(TARGET_NAME)";
				SWIFT_VERSION = 3.0;
			};
			name = Debug;
		};
		942511C81F47748600BCCEA0 /* Release */ = {
			isa = XCBuildConfiguration;
			buildSettings = {
				ASSETCATALOG_COMPILER_APPICON_NAME = AppIcon;
				INFOPLIST_FILE = CHATTER/Info.plist;
				LD_RUNPATH_SEARCH_PATHS = "$(inherited) @executable_path/Frameworks";
				PRODUCT_BUNDLE_IDENTIFIER = com.ID.Hengji.CHATTER;
				PRODUCT_NAME = "$(TARGET_NAME)";
				SWIFT_VERSION = 3.0;
			};
			name = Release;
		};
		942511CA1F47748600BCCEA0 /* Debug */ = {
			isa = XCBuildConfiguration;
			buildSettings = {
				ALWAYS_EMBED_SWIFT_STANDARD_LIBRARIES = YES;
				BUNDLE_LOADER = "$(TEST_HOST)";
				INFOPLIST_FILE = CHATTERTests/Info.plist;
				LD_RUNPATH_SEARCH_PATHS = "$(inherited) @executable_path/Frameworks @loader_path/Frameworks";
				PRODUCT_BUNDLE_IDENTIFIER = com.ID.Hengji.CHATTERTests;
				PRODUCT_NAME = "$(TARGET_NAME)";
				SWIFT_VERSION = 3.0;
				TEST_HOST = "$(BUILT_PRODUCTS_DIR)/CHATTER.app/CHATTER";
			};
			name = Debug;
		};
		942511CB1F47748600BCCEA0 /* Release */ = {
			isa = XCBuildConfiguration;
			buildSettings = {
				ALWAYS_EMBED_SWIFT_STANDARD_LIBRARIES = YES;
				BUNDLE_LOADER = "$(TEST_HOST)";
				INFOPLIST_FILE = CHATTERTests/Info.plist;
				LD_RUNPATH_SEARCH_PATHS = "$(inherited) @executable_path/Frameworks @loader_path/Frameworks";
				PRODUCT_BUNDLE_IDENTIFIER = com.ID.Hengji.CHATTERTests;
				PRODUCT_NAME = "$(TARGET_NAME)";
				SWIFT_VERSION = 3.0;
				TEST_HOST = "$(BUILT_PRODUCTS_DIR)/CHATTER.app/CHATTER";
			};
			name = Release;
		};
		942511CD1F47748600BCCEA0 /* Debug */ = {
			isa = XCBuildConfiguration;
			buildSettings = {
				ALWAYS_EMBED_SWIFT_STANDARD_LIBRARIES = YES;
				INFOPLIST_FILE = CHATTERUITests/Info.plist;
				LD_RUNPATH_SEARCH_PATHS = "$(inherited) @executable_path/Frameworks @loader_path/Frameworks";
				PRODUCT_BUNDLE_IDENTIFIER = com.ID.Hengji.CHATTERUITests;
				PRODUCT_NAME = "$(TARGET_NAME)";
				SWIFT_VERSION = 3.0;
				TEST_TARGET_NAME = CHATTER;
			};
			name = Debug;
		};
		942511CE1F47748600BCCEA0 /* Release */ = {
			isa = XCBuildConfiguration;
			buildSettings = {
				ALWAYS_EMBED_SWIFT_STANDARD_LIBRARIES = YES;
				INFOPLIST_FILE = CHATTERUITests/Info.plist;
				LD_RUNPATH_SEARCH_PATHS = "$(inherited) @executable_path/Frameworks @loader_path/Frameworks";
				PRODUCT_BUNDLE_IDENTIFIER = com.ID.Hengji.CHATTERUITests;
				PRODUCT_NAME = "$(TARGET_NAME)";
				SWIFT_VERSION = 3.0;
				TEST_TARGET_NAME = CHATTER;
			};
			name = Release;
		};
/* End XCBuildConfiguration section */

/* Begin XCConfigurationList section */
		942511971F47748300BCCEA0 /* Build configuration list for PBXProject "CHATTER" */ = {
			isa = XCConfigurationList;
			buildConfigurations = (
				942511C41F47748600BCCEA0 /* Debug */,
				942511C51F47748600BCCEA0 /* Release */,
			);
			defaultConfigurationIsVisible = 0;
			defaultConfigurationName = Release;
		};
		942511C61F47748600BCCEA0 /* Build configuration list for PBXNativeTarget "CHATTER" */ = {
			isa = XCConfigurationList;
			buildConfigurations = (
				942511C71F47748600BCCEA0 /* Debug */,
				942511C81F47748600BCCEA0 /* Release */,
			);
			defaultConfigurationIsVisible = 0;
		};
		942511C91F47748600BCCEA0 /* Build configuration list for PBXNativeTarget "CHATTERTests" */ = {
			isa = XCConfigurationList;
			buildConfigurations = (
				942511CA1F47748600BCCEA0 /* Debug */,
				942511CB1F47748600BCCEA0 /* Release */,
			);
			defaultConfigurationIsVisible = 0;
		};
		942511CC1F47748600BCCEA0 /* Build configuration list for PBXNativeTarget "CHATTERUITests" */ = {
			isa = XCConfigurationList;
			buildConfigurations = (
				942511CD1F47748600BCCEA0 /* Debug */,
				942511CE1F47748600BCCEA0 /* Release */,
			);
			defaultConfigurationIsVisible = 0;
		};
/* End XCConfigurationList section */
	};
	rootObject = 942511941F47748300BCCEA0 /* Project object */;
}
